// !$*UTF8*$!
{
	archiveVersion = 1;
	classes = {
	};
	objectVersion = 46;
	objects = {

/* Begin PBXBuildFile section */
		3CEEDE47FEDBDE791DE75108 /* Pods.framework in Frameworks */ = {isa = PBXBuildFile; fileRef = 439AA407DE86BDAD2559FA11 /* Pods.framework */; };
		5433F4331C6AF36D0047F117 /* AppDelegate.swift in Sources */ = {isa = PBXBuildFile; fileRef = 5433F4321C6AF36D0047F117 /* AppDelegate.swift */; };
		5433F4351C6AF36D0047F117 /* ViewController.swift in Sources */ = {isa = PBXBuildFile; fileRef = 5433F4341C6AF36D0047F117 /* ViewController.swift */; };
		5433F4381C6AF36D0047F117 /* Main.storyboard in Resources */ = {isa = PBXBuildFile; fileRef = 5433F4361C6AF36D0047F117 /* Main.storyboard */; };
		5433F43A1C6AF36D0047F117 /* Assets.xcassets in Resources */ = {isa = PBXBuildFile; fileRef = 5433F4391C6AF36D0047F117 /* Assets.xcassets */; };
		5433F43D1C6AF36D0047F117 /* LaunchScreen.storyboard in Resources */ = {isa = PBXBuildFile; fileRef = 5433F43B1C6AF36D0047F117 /* LaunchScreen.storyboard */; };
		5433F46A1C6EDF1A0047F117 /* TwitterClient.swift in Sources */ = {isa = PBXBuildFile; fileRef = 5433F4691C6EDF1A0047F117 /* TwitterClient.swift */; };
		5433F46D1C7033100047F117 /* User.swift in Sources */ = {isa = PBXBuildFile; fileRef = 5433F46C1C7033100047F117 /* User.swift */; };
		5433F46F1C70332F0047F117 /* Tweet.swift in Sources */ = {isa = PBXBuildFile; fileRef = 5433F46E1C70332F0047F117 /* Tweet.swift */; };
/* End PBXBuildFile section */

/* Begin PBXFileReference section */
		2D2A832D87617AC8AE9EEFFE /* Pods.release.xcconfig */ = {isa = PBXFileReference; includeInIndex = 1; lastKnownFileType = text.xcconfig; name = Pods.release.xcconfig; path = "Pods/Target Support Files/Pods/Pods.release.xcconfig"; sourceTree = "<group>"; };
		439AA407DE86BDAD2559FA11 /* Pods.framework */ = {isa = PBXFileReference; explicitFileType = wrapper.framework; includeInIndex = 0; path = Pods.framework; sourceTree = BUILT_PRODUCTS_DIR; };
		5433F42F1C6AF36D0047F117 /* Twitter_CPU.app */ = {isa = PBXFileReference; explicitFileType = wrapper.application; includeInIndex = 0; path = Twitter_CPU.app; sourceTree = BUILT_PRODUCTS_DIR; };
		5433F4321C6AF36D0047F117 /* AppDelegate.swift */ = {isa = PBXFileReference; lastKnownFileType = sourcecode.swift; path = AppDelegate.swift; sourceTree = "<group>"; };
		5433F4341C6AF36D0047F117 /* ViewController.swift */ = {isa = PBXFileReference; lastKnownFileType = sourcecode.swift; path = ViewController.swift; sourceTree = "<group>"; };
		5433F4371C6AF36D0047F117 /* Base */ = {isa = PBXFileReference; lastKnownFileType = file.storyboard; name = Base; path = Base.lproj/Main.storyboard; sourceTree = "<group>"; };
		5433F4391C6AF36D0047F117 /* Assets.xcassets */ = {isa = PBXFileReference; lastKnownFileType = folder.assetcatalog; path = Assets.xcassets; sourceTree = "<group>"; };
		5433F43C1C6AF36D0047F117 /* Base */ = {isa = PBXFileReference; lastKnownFileType = file.storyboard; name = Base; path = Base.lproj/LaunchScreen.storyboard; sourceTree = "<group>"; };
		5433F43E1C6AF36D0047F117 /* Info.plist */ = {isa = PBXFileReference; lastKnownFileType = text.plist.xml; path = Info.plist; sourceTree = "<group>"; };
		5433F4691C6EDF1A0047F117 /* TwitterClient.swift */ = {isa = PBXFileReference; fileEncoding = 4; lastKnownFileType = sourcecode.swift; path = TwitterClient.swift; sourceTree = "<group>"; };
		5433F46C1C7033100047F117 /* User.swift */ = {isa = PBXFileReference; fileEncoding = 4; lastKnownFileType = sourcecode.swift; path = User.swift; sourceTree = "<group>"; };
		5433F46E1C70332F0047F117 /* Tweet.swift */ = {isa = PBXFileReference; fileEncoding = 4; lastKnownFileType = sourcecode.swift; path = Tweet.swift; sourceTree = "<group>"; };
		E91C3CB26A44E8A29E807043 /* Pods.debug.xcconfig */ = {isa = PBXFileReference; includeInIndex = 1; lastKnownFileType = text.xcconfig; name = Pods.debug.xcconfig; path = "Pods/Target Support Files/Pods/Pods.debug.xcconfig"; sourceTree = "<group>"; };
/* End PBXFileReference section */

/* Begin PBXFrameworksBuildPhase section */
		5433F42C1C6AF36D0047F117 /* Frameworks */ = {
			isa = PBXFrameworksBuildPhase;
			buildActionMask = 2147483647;
			files = (
				3CEEDE47FEDBDE791DE75108 /* Pods.framework in Frameworks */,
			);
			runOnlyForDeploymentPostprocessing = 0;
		};
/* End PBXFrameworksBuildPhase section */

/* Begin PBXGroup section */
		5433F4261C6AF36D0047F117 = {
			isa = PBXGroup;
			children = (
				5433F4311C6AF36D0047F117 /* Twitter_CPU */,
				5433F4301C6AF36D0047F117 /* Products */,
				F6FE41DCF3482A05801FF9F8 /* Pods */,
				F055467769DC26E4C2BB0173 /* Frameworks */,
			);
			sourceTree = "<group>";
		};
		5433F4301C6AF36D0047F117 /* Products */ = {
			isa = PBXGroup;
			children = (
				5433F42F1C6AF36D0047F117 /* Twitter_CPU.app */,
			);
			name = Products;
			sourceTree = "<group>";
		};
		5433F4311C6AF36D0047F117 /* Twitter_CPU */ = {
			isa = PBXGroup;
			children = (
				5433F4661C6ED36A0047F117 /* API */,
				5433F46B1C7032B70047F117 /* models */,
				5433F4321C6AF36D0047F117 /* AppDelegate.swift */,
				5433F4341C6AF36D0047F117 /* ViewController.swift */,
				5433F4361C6AF36D0047F117 /* Main.storyboard */,
				5433F4391C6AF36D0047F117 /* Assets.xcassets */,
				5433F43B1C6AF36D0047F117 /* LaunchScreen.storyboard */,
				5433F43E1C6AF36D0047F117 /* Info.plist */,
			);
			path = Twitter_CPU;
			sourceTree = "<group>";
		};
		5433F4661C6ED36A0047F117 /* API */ = {
			isa = PBXGroup;
			children = (
				5433F4691C6EDF1A0047F117 /* TwitterClient.swift */,
			);
			name = API;
			path = ..;
			sourceTree = "<group>";
		};
		5433F46B1C7032B70047F117 /* models */ = {
			isa = PBXGroup;
			children = (
				5433F46C1C7033100047F117 /* User.swift */,
				5433F46E1C70332F0047F117 /* Tweet.swift */,
			);
			name = models;
			path = ..;
			sourceTree = "<group>";
		};
		F055467769DC26E4C2BB0173 /* Frameworks */ = {
			isa = PBXGroup;
			children = (
				439AA407DE86BDAD2559FA11 /* Pods.framework */,
			);
			name = Frameworks;
			sourceTree = "<group>";
		};
		F6FE41DCF3482A05801FF9F8 /* Pods */ = {
			isa = PBXGroup;
			children = (
				E91C3CB26A44E8A29E807043 /* Pods.debug.xcconfig */,
				2D2A832D87617AC8AE9EEFFE /* Pods.release.xcconfig */,
			);
			name = Pods;
			sourceTree = "<group>";
		};
/* End PBXGroup section */

/* Begin PBXNativeTarget section */
		5433F42E1C6AF36D0047F117 /* Twitter_CPU */ = {
			isa = PBXNativeTarget;
			buildConfigurationList = 5433F4411C6AF36D0047F117 /* Build configuration list for PBXNativeTarget "Twitter_CPU" */;
			buildPhases = (
				FF6BCA0BA547C0323E03749E /* Check Pods Manifest.lock */,
				5433F42B1C6AF36D0047F117 /* Sources */,
				5433F42C1C6AF36D0047F117 /* Frameworks */,
				5433F42D1C6AF36D0047F117 /* Resources */,
				1351E73B5248B19283D31929 /* Embed Pods Frameworks */,
				FB7C1A1E2B34E6BB2A5C22CA /* Copy Pods Resources */,
			);
			buildRules = (
			);
			dependencies = (
			);
			name = Twitter_CPU;
			productName = Twitter_CPU;
			productReference = 5433F42F1C6AF36D0047F117 /* Twitter_CPU.app */;
			productType = "com.apple.product-type.application";
		};
/* End PBXNativeTarget section */

/* Begin PBXProject section */
		5433F4271C6AF36D0047F117 /* Project object */ = {
			isa = PBXProject;
			attributes = {
				LastSwiftUpdateCheck = 0720;
				LastUpgradeCheck = 0720;
				ORGANIZATIONNAME = codepath;
				TargetAttributes = {
					5433F42E1C6AF36D0047F117 = {
						CreatedOnToolsVersion = 7.2;
						DevelopmentTeam = Y4DYTA5466;
					};
				};
			};
			buildConfigurationList = 5433F42A1C6AF36D0047F117 /* Build configuration list for PBXProject "Twitter_CPU" */;
			compatibilityVersion = "Xcode 3.2";
			developmentRegion = English;
			hasScannedForEncodings = 0;
			knownRegions = (
				en,
				Base,
			);
			mainGroup = 5433F4261C6AF36D0047F117;
			productRefGroup = 5433F4301C6AF36D0047F117 /* Products */;
			projectDirPath = "";
			projectRoot = "";
			targets = (
				5433F42E1C6AF36D0047F117 /* Twitter_CPU */,
			);
		};
/* End PBXProject section */

/* Begin PBXResourcesBuildPhase section */
		5433F42D1C6AF36D0047F117 /* Resources */ = {
			isa = PBXResourcesBuildPhase;
			buildActionMask = 2147483647;
			files = (
				5433F43D1C6AF36D0047F117 /* LaunchScreen.storyboard in Resources */,
				5433F43A1C6AF36D0047F117 /* Assets.xcassets in Resources */,
				5433F4381C6AF36D0047F117 /* Main.storyboard in Resources */,
			);
			runOnlyForDeploymentPostprocessing = 0;
		};
/* End PBXResourcesBuildPhase section */

/* Begin PBXShellScriptBuildPhase section */
		1351E73B5248B19283D31929 /* Embed Pods Frameworks */ = {
			isa = PBXShellScriptBuildPhase;
			buildActionMask = 2147483647;
			files = (
			);
			inputPaths = (
			);
			name = "Embed Pods Frameworks";
			outputPaths = (
			);
			runOnlyForDeploymentPostprocessing = 0;
			shellPath = /bin/sh;
			shellScript = "\"${SRCROOT}/Pods/Target Support Files/Pods/Pods-frameworks.sh\"\n";
			showEnvVarsInLog = 0;
		};
		FB7C1A1E2B34E6BB2A5C22CA /* Copy Pods Resources */ = {
			isa = PBXShellScriptBuildPhase;
			buildActionMask = 2147483647;
			files = (
			);
			inputPaths = (
			);
			name = "Copy Pods Resources";
			outputPaths = (
			);
			runOnlyForDeploymentPostprocessing = 0;
			shellPath = /bin/sh;
			shellScript = "\"${SRCROOT}/Pods/Target Support Files/Pods/Pods-resources.sh\"\n";
			showEnvVarsInLog = 0;
		};
		FF6BCA0BA547C0323E03749E /* Check Pods Manifest.lock */ = {
			isa = PBXShellScriptBuildPhase;
			buildActionMask = 2147483647;
			files = (
			);
			inputPaths = (
			);
			name = "Check Pods Manifest.lock";
			outputPaths = (
			);
			runOnlyForDeploymentPostprocessing = 0;
			shellPath = /bin/sh;
			shellScript = "diff \"${PODS_ROOT}/../Podfile.lock\" \"${PODS_ROOT}/Manifest.lock\" > /dev/null\nif [[ $? != 0 ]] ; then\n    cat << EOM\nerror: The sandbox is not in sync with the Podfile.lock. Run 'pod install' or update your CocoaPods installation.\nEOM\n    exit 1\nfi\n";
			showEnvVarsInLog = 0;
		};
/* End PBXShellScriptBuildPhase section */

/* Begin PBXSourcesBuildPhase section */
		5433F42B1C6AF36D0047F117 /* Sources */ = {
			isa = PBXSourcesBuildPhase;
			buildActionMask = 2147483647;
			files = (
				5433F46D1C7033100047F117 /* User.swift in Sources */,
				5433F46F1C70332F0047F117 /* Tweet.swift in Sources */,
				5433F46A1C6EDF1A0047F117 /* TwitterClient.swift in Sources */,
				5433F4351C6AF36D0047F117 /* ViewController.swift in Sources */,
				5433F4331C6AF36D0047F117 /* AppDelegate.swift in Sources */,
			);
			runOnlyForDeploymentPostprocessing = 0;
		};
/* End PBXSourcesBuildPhase section */

/* Begin PBXVariantGroup section */
		5433F4361C6AF36D0047F117 /* Main.storyboard */ = {
			isa = PBXVariantGroup;
			children = (
				5433F4371C6AF36D0047F117 /* Base */,
			);
			name = Main.storyboard;
			sourceTree = "<group>";
		};
		5433F43B1C6AF36D0047F117 /* LaunchScreen.storyboard */ = {
			isa = PBXVariantGroup;
			children = (
				5433F43C1C6AF36D0047F117 /* Base */,
			);
			name = LaunchScreen.storyboard;
			sourceTree = "<group>";
		};
/* End PBXVariantGroup section */

/* Begin XCBuildConfiguration section */
		5433F43F1C6AF36D0047F117 /* Debug */ = {
			isa = XCBuildConfiguration;
			buildSettings = {
				ALWAYS_SEARCH_USER_PATHS = NO;
				CLANG_CXX_LANGUAGE_STANDARD = "gnu++0x";
				CLANG_CXX_LIBRARY = "libc++";
				CLANG_ENABLE_MODULES = YES;
				CLANG_ENABLE_OBJC_ARC = YES;
				CLANG_WARN_BOOL_CONVERSION = YES;
				CLANG_WARN_CONSTANT_CONVERSION = YES;
				CLANG_WARN_DIRECT_OBJC_ISA_USAGE = YES_ERROR;
				CLANG_WARN_EMPTY_BODY = YES;
				CLANG_WARN_ENUM_CONVERSION = YES;
				CLANG_WARN_INT_CONVERSION = YES;
				CLANG_WARN_OBJC_ROOT_CLASS = YES_ERROR;
				CLANG_WARN_UNREACHABLE_CODE = YES;
				CLANG_WARN__DUPLICATE_METHOD_MATCH = YES;
				"CODE_SIGN_IDENTITY[sdk=iphoneos*]" = "iPhone Developer";
				COPY_PHASE_STRIP = NO;
				DEBUG_INFORMATION_FORMAT = dwarf;
				ENABLE_STRICT_OBJC_MSGSEND = YES;
				ENABLE_TESTABILITY = YES;
				GCC_C_LANGUAGE_STANDARD = gnu99;
				GCC_DYNAMIC_NO_PIC = NO;
				GCC_NO_COMMON_BLOCKS = YES;
				GCC_OPTIMIZATION_LEVEL = 0;
				GCC_PREPROCESSOR_DEFINITIONS = (
					"DEBUG=1",
					"$(inherited)",
				);
				GCC_WARN_64_TO_32_BIT_CONVERSION = YES;
				GCC_WARN_ABOUT_RETURN_TYPE = YES_ERROR;
				GCC_WARN_UNDECLARED_SELECTOR = YES;
				GCC_WARN_UNINITIALIZED_AUTOS = YES_AGGRESSIVE;
				GCC_WARN_UNUSED_FUNCTION = YES;
				GCC_WARN_UNUSED_VARIABLE = YES;
				IPHONEOS_DEPLOYMENT_TARGET = 9.2;
				MTL_ENABLE_DEBUG_INFO = YES;
				ONLY_ACTIVE_ARCH = YES;
				SDKROOT = iphoneos;
				SWIFT_OPTIMIZATION_LEVEL = "-Onone";
			};
			name = Debug;
		};
		5433F4401C6AF36D0047F117 /* Release */ = {
			isa = XCBuildConfiguration;
			buildSettings = {
				ALWAYS_SEARCH_USER_PATHS = NO;
				CLANG_CXX_LANGUAGE_STANDARD = "gnu++0x";
				CLANG_CXX_LIBRARY = "libc++";
				CLANG_ENABLE_MODULES = YES;
				CLANG_ENABLE_OBJC_ARC = YES;
				CLANG_WARN_BOOL_CONVERSION = YES;
				CLANG_WARN_CONSTANT_CONVERSION = YES;
				CLANG_WARN_DIRECT_OBJC_ISA_USAGE = YES_ERROR;
				CLANG_WARN_EMPTY_BODY = YES;
				CLANG_WARN_ENUM_CONVERSION = YES;
				CLANG_WARN_INT_CONVERSION = YES;
				CLANG_WARN_OBJC_ROOT_CLASS = YES_ERROR;
				CLANG_WARN_UNREACHABLE_CODE = YES;
				CLANG_WARN__DUPLICATE_METHOD_MATCH = YES;
				"CODE_SIGN_IDENTITY[sdk=iphoneos*]" = "iPhone Developer";
				COPY_PHASE_STRIP = NO;
				DEBUG_INFORMATION_FORMAT = "dwarf-with-dsym";
				ENABLE_NS_ASSERTIONS = NO;
				ENABLE_STRICT_OBJC_MSGSEND = YES;
				GCC_C_LANGUAGE_STANDARD = gnu99;
				GCC_NO_COMMON_BLOCKS = YES;
				GCC_WARN_64_TO_32_BIT_CONVERSION = YES;
				GCC_WARN_ABOUT_RETURN_TYPE = YES_ERROR;
				GCC_WARN_UNDECLARED_SELECTOR = YES;
				GCC_WARN_UNINITIALIZED_AUTOS = YES_AGGRESSIVE;
				GCC_WARN_UNUSED_FUNCTION = YES;
				GCC_WARN_UNUSED_VARIABLE = YES;
				IPHONEOS_DEPLOYMENT_TARGET = 9.2;
				MTL_ENABLE_DEBUG_INFO = NO;
				SDKROOT = iphoneos;
				VALIDATE_PRODUCT = YES;
			};
			name = Release;
		};
		5433F4421C6AF36D0047F117 /* Debug */ = {
			isa = XCBuildConfiguration;
			baseConfigurationReference = E91C3CB26A44E8A29E807043 /* Pods.debug.xcconfig */;
			buildSettings = {
				ASSETCATALOG_COMPILER_APPICON_NAME = AppIcon;
				INFOPLIST_FILE = Twitter_CPU/Info.plist;
				LD_RUNPATH_SEARCH_PATHS = "$(inherited) @executable_path/Frameworks";
				PRODUCT_BUNDLE_IDENTIFIER = com.codepath.Twitter;
				PRODUCT_NAME = "$(TARGET_NAME)";
			};
			name = Debug;
		};
		5433F4431C6AF36D0047F117 /* Release */ = {
			isa = XCBuildConfiguration;
			baseConfigurationReference = 2D2A832D87617AC8AE9EEFFE /* Pods.release.xcconfig */;
			buildSettings = {
				ASSETCATALOG_COMPILER_APPICON_NAME = AppIcon;
				INFOPLIST_FILE = Twitter_CPU/Info.plist;
				LD_RUNPATH_SEARCH_PATHS = "$(inherited) @executable_path/Frameworks";
				PRODUCT_BUNDLE_IDENTIFIER = com.codepath.Twitter;
				PRODUCT_NAME = "$(TARGET_NAME)";
			};
			name = Release;
		};
/* End XCBuildConfiguration section */

/* Begin XCConfigurationList section */
		5433F42A1C6AF36D0047F117 /* Build configuration list for PBXProject "Twitter_CPU" */ = {
			isa = XCConfigurationList;
			buildConfigurations = (
				5433F43F1C6AF36D0047F117 /* Debug */,
				5433F4401C6AF36D0047F117 /* Release */,
			);
			defaultConfigurationIsVisible = 0;
			defaultConfigurationName = Release;
		};
		5433F4411C6AF36D0047F117 /* Build configuration list for PBXNativeTarget "Twitter_CPU" */ = {
			isa = XCConfigurationList;
			buildConfigurations = (
				5433F4421C6AF36D0047F117 /* Debug */,
				5433F4431C6AF36D0047F117 /* Release */,
			);
			defaultConfigurationIsVisible = 0;
			defaultConfigurationName = Release;
		};
/* End XCConfigurationList section */
	};
	rootObject = 5433F4271C6AF36D0047F117 /* Project object */;
}
